
Microsoft Visual Studio Solution File, Format Version 12.00
# Visual Studio Version 16
VisualStudioVersion = 16.0.31911.196
MinimumVisualStudioVersion = 10.0.40219.1
Project("{FAE04EC0-301F-11D3-BF4B-00C04F79EFBC}") = "api1", "api1\api1.csproj", "{6B006A09-EE68-41A8-A82A-33A41A4D7720}"
EndProject
Project("{FAE04EC0-301F-11D3-BF4B-00C04F79EFBC}") = "ConsoleWebApp", "ConsoleWebApp\ConsoleWebApp.csproj", "{3A4A764A-5D06-41E6-9613-E05E9F3B1D3B}"
EndProject
Global
	GlobalSection(SolutionConfigurationPlatforms) = preSolution
		Debug|Any CPU = Debug|Any CPU
		Release|Any CPU = Release|Any CPU
	EndGlobalSection
	GlobalSection(ProjectConfigurationPlatforms) = postSolution
		{6B006A09-EE68-41A8-A82A-33A41A4D7720}.Debug|Any CPU.ActiveCfg = Debug|Any CPU
		{6B006A09-EE68-41A8-A82A-33A41A4D7720}.Debug|Any CPU.Build.0 = Debug|Any CPU
		{6B006A09-EE68-41A8-A82A-33A41A4D7720}.Release|Any CPU.ActiveCfg = Release|Any CPU
		{6B006A09-EE68-41A8-A82A-33A41A4D7720}.Release|Any CPU.Build.0 = Release|Any CPU
		{3A4A764A-5D06-41E6-9613-E05E9F3B1D3B}.Debug|Any CPU.ActiveCfg = Debug|Any CPU
		{3A4A764A-5D06-41E6-9613-E05E9F3B1D3B}.Debug|Any CPU.Build.0 = Debug|Any CPU
		{3A4A764A-5D06-41E6-9613-E05E9F3B1D3B}.Release|Any CPU.ActiveCfg = Release|Any CPU
		{3A4A764A-5D06-41E6-9613-E05E9F3B1D3B}.Release|Any CPU.Build.0 = Release|Any CPU
	EndGlobalSection
	GlobalSection(SolutionProperties) = preSolution
		HideSolutionNode = FALSE
	EndGlobalSection
	GlobalSection(ExtensibilityGlobals) = postSolution
		SolutionGuid = {21D20A1A-6433-4A21-8E1D-F2608137CB1F}
	EndGlobalSection
EndGlobal
